<?xml version="1.0" encoding="utf-8"?>
<Project ToolsVersion="4.0" xmlns="http://schemas.microsoft.com/developer/msbuild/2003">
  <ItemGroup>
    <Filter Include="소스 파일">
      <UniqueIdentifier>{4FC737F1-C7A5-4376-A066-2A32D752A2FF}</UniqueIdentifier>
      <Extensions>cpp;c;cc;cxx;def;odl;idl;hpj;bat;asm;asmx</Extensions>
    </Filter>
    <Filter Include="헤더 파일">
      <UniqueIdentifier>{93995380-89BD-4b04-88EB-625FBE52EBFB}</UniqueIdentifier>
      <Extensions>h;hh;hpp;hxx;hm;inl;inc;ipp;xsd</Extensions>
    </Filter>
    <Filter Include="리소스 파일">
      <UniqueIdentifier>{67DA6AB6-F800-4c08-8B7A-83BB121AAD01}</UniqueIdentifier>
      <Extensions>rc;ico;cur;bmp;dlg;rc2;rct;bin;rgs;gif;jpg;jpeg;jpe;resx;tiff;tif;png;wav;mfcribbon-ms</Extensions>
    </Filter>
    <Filter Include="소스 파일\Core">
      <UniqueIdentifier>{edd6bd17-8fdb-4134-9d85-0d05a55cd4db}</UniqueIdentifier>
    </Filter>
    <Filter Include="소스 파일\GameObject">
      <UniqueIdentifier>{801eba60-8e11-450a-b559-69bae8a54260}</UniqueIdentifier>
    </Filter>
    <Filter Include="헤더 파일\Core">
      <UniqueIdentifier>{a906c6aa-391e-463b-9f25-0d5ab092b323}</UniqueIdentifier>
    </Filter>
    <Filter Include="헤더 파일\Interface">
      <UniqueIdentifier>{df4959c9-7e58-4530-91f8-06b0db207d64}</UniqueIdentifier>
    </Filter>
    <Filter Include="헤더 파일\GameObject">
      <UniqueIdentifier>{bac28060-7c42-4645-8e88-7290f72afbda}</UniqueIdentifier>
    </Filter>
    <Filter Include="헤더 파일\Core\Structure">
      <UniqueIdentifier>{56018e40-baed-4e60-bd4b-ccc84c820305}</UniqueIdentifier>
    </Filter>
  </ItemGroup>
  <ItemGroup>
    <ClCompile Include="TextoutEx.cpp">
      <Filter>소스 파일</Filter>
    </ClCompile>
    <ClCompile Include="main.cpp">
      <Filter>소스 파일</Filter>
    </ClCompile>
    <ClCompile Include="ProgramCore.cpp">
      <Filter>소스 파일\Core</Filter>
    </ClCompile>
    <ClCompile Include="winmain.cpp">
      <Filter>소스 파일\Core</Filter>
    </ClCompile>
    <ClCompile Include="BackDecoPattern.cpp">
      <Filter>소스 파일\GameObject</Filter>
    </ClCompile>
    <ClCompile Include="CircusScene.cpp">
      <Filter>소스 파일\GameObject</Filter>
    </ClCompile>
    <ClCompile Include="Floor.cpp">
      <Filter>소스 파일\GameObject</Filter>
    </ClCompile>
    <ClCompile Include="Player.cpp">
      <Filter>소스 파일\GameObject</Filter>
    </ClCompile>
    <ClCompile Include="PlayerAnimRender.cpp">
      <Filter>소스 파일\GameObject</Filter>
    </ClCompile>
    <ClCompile Include="GameObject.cpp">
      <Filter>소스 파일\Core</Filter>
    </ClCompile>
    <ClCompile Include="FlameRing.cpp">
      <Filter>소스 파일\GameObject</Filter>
    </ClCompile>
    <ClCompile Include="FlameRingRenderer.cpp">
      <Filter>소스 파일\GameObject</Filter>
    </ClCompile>
    <ClCompile Include="Renderer.cpp">
      <Filter>소스 파일\Core</Filter>
    </ClCompile>
    <ClCompile Include="Colider.cpp">
      <Filter>소스 파일\Core</Filter>
    </ClCompile>
    <ClCompile Include="FlamePot.cpp">
      <Filter>소스 파일\GameObject</Filter>
    </ClCompile>
    <ClCompile Include="MiterMark.cpp">
      <Filter>소스 파일\GameObject</Filter>
    </ClCompile>
    <ClCompile Include="EndTrampoline.cpp">
      <Filter>소스 파일\GameObject</Filter>
    </ClCompile>
  </ItemGroup>
  <ItemGroup>
    <ClInclude Include="resource.h">
      <Filter>헤더 파일</Filter>
    </ClInclude>
    <ClInclude Include="TextoutEx.h">
      <Filter>헤더 파일</Filter>
    </ClInclude>
    <ClInclude Include="ProgramCore.h">
      <Filter>헤더 파일\Core</Filter>
    </ClInclude>
    <ClInclude Include="Scene.h">
      <Filter>헤더 파일\Core</Filter>
    </ClInclude>
    <ClInclude Include="WndBase.h">
      <Filter>헤더 파일\Core</Filter>
    </ClInclude>
    <ClInclude Include="GameObject.h">
      <Filter>헤더 파일\Interface</Filter>
    </ClInclude>
    <ClInclude Include="IMGEnum.h">
      <Filter>헤더 파일\Interface</Filter>
    </ClInclude>
    <ClInclude Include="MouseEnum.h">
      <Filter>헤더 파일\Interface</Filter>
    </ClInclude>
    <ClInclude Include="BackDecoPattern.h">
      <Filter>헤더 파일\GameObject</Filter>
    </ClInclude>
    <ClInclude Include="CircusScene.h">
      <Filter>헤더 파일\GameObject</Filter>
    </ClInclude>
    <ClInclude Include="Floor.h">
      <Filter>헤더 파일\GameObject</Filter>
    </ClInclude>
    <ClInclude Include="Player.h">
      <Filter>헤더 파일\GameObject</Filter>
    </ClInclude>
    <ClInclude Include="PlayerAnimRender.h">
      <Filter>헤더 파일\GameObject</Filter>
    </ClInclude>
    <ClInclude Include="CircusObjects.h">
      <Filter>헤더 파일\GameObject</Filter>
    </ClInclude>
    <ClInclude Include="Vector2D.h">
      <Filter>헤더 파일\Core\Structure</Filter>
    </ClInclude>
    <ClInclude Include="CoreHeader.h">
      <Filter>헤더 파일</Filter>
    </ClInclude>
    <ClInclude Include="Renderer.h">
      <Filter>헤더 파일\Interface</Filter>
    </ClInclude>
    <ClInclude Include="FlameRing.h">
      <Filter>헤더 파일\GameObject</Filter>
    </ClInclude>
    <ClInclude Include="FlameRingRenderer.h">
      <Filter>헤더 파일\GameObject</Filter>
    </ClInclude>
    <ClInclude Include="Collider.h">
      <Filter>헤더 파일\Interface</Filter>
    </ClInclude>
    <ClInclude Include="FlamePot.h">
      <Filter>헤더 파일\GameObject</Filter>
    </ClInclude>
    <ClInclude Include="MiterMark.h">
      <Filter>헤더 파일\GameObject</Filter>
    </ClInclude>
    <ClInclude Include="EnumCircusState.h">
      <Filter>헤더 파일\GameObject</Filter>
    </ClInclude>
    <ClInclude Include="EndTrampoline.h">
      <Filter>헤더 파일\GameObject</Filter>
    </ClInclude>
  </ItemGroup>
</Project>